{
  "name": "goatsbot-automation",
  "version": "1.0.0",
  "lockfileVersion": 2,
  "requires": true,
  "packages": {
    "": {
      "name": "goatsbot-automation",
      "version": "1.0.0",
      "license": "ISC",
      "dependencies": {
        "colors": "^1.4.0",
        "readline": "^1.3.0"
      }
    },
    "node_modules/colors": {
      "version": "1.4.0",
      "resolved": "https://registry.npmjs.org/colors/-/colors-1.4.0.tgz",
      "integrity": "sha512-a/Az/ksuBb+Vi5drwJGTzyP2H4nVmUDjkCg8cYd7OxKJ9kGeuYDxixND7UaxqAbA0oyPSKSPfoUjYdLtBrt8pA==",
      "engines": {
        "node": ">=0.1.90"
      }
    },
    "node_modules/readline": {
      "version": "1.3.0",
      "resolved": "https://registry.npmjs.org/readline/-/readline-1.3.0.tgz",
      "integrity": "sha512-TsGcDdI7SNDA1fDq7P3IrABug/xXlqTQEdTjgnJCNZ/F4MIRXbt/3N9EkAc0lqQwz/4yAtNkSlFF4+vPBn/F7g==",
      "engines": {
        "node": ">=0.8"
      }
    }
  },
  "dependencies": {
    "colors": {
      "version": "1.4.0",
      "resolved": "https://registry.npmjs.org/colors/-/colors-1.4.0.tgz",
      "integrity": "sha512-a/Az/ksuBb+Vi5drwJGTzyP2H4nVmUDjkCg8cYd7OxKJ9kGeuYDxixND7UaxqAbA0oyPSKSPfoUjYdLtBrt8pA==",
      "requires": {
        "readline": "^1.3.0"
      }
    },
    "readline": {
      "version": "1.3.0",
      "resolved": "https://registry.npmjs.org/readline/-/readline-1.3.0.tgz",
      "integrity": "sha512-TsGcDdI7SNDA1fDq7P3IrABug/xXlqTQEdTjgnJCNZ/F4MIRXbt/3N9EkAc0lqQwz/4yAtNkSlFF4+vPBn/F7g=="
    }
  }
}
